
Microsoft Visual Studio Solution File, Format Version 12.00
# Visual Studio Version 17
VisualStudioVersion = 17.9.34723.18
MinimumVisualStudioVersion = 10.0.40219.1
Project("{00D1A9C2-B5F0-4AF3-8072-F6C62B433612}") = "AuthDatabaseApi", "AuthDatabaseApi\AuthDatabaseApi.sqlproj", "{78BF7A85-0F7A-4FB0-B4EB-FF33945936B0}"
EndProject
Project("{9A19103F-16F7-4668-BE54-9A1E7A4F7556}") = "AuthDataAccess", "AuthDataAccess\AuthDataAccess.csproj", "{853C4645-40D4-4330-B775-A8F759E76146}"
EndProject
Project("{FAE04EC0-301F-11D3-BF4B-00C04F79EFBC}") = "TestResult", "TestResult\TestResult.csproj", "{D54480A8-DD2B-4EFE-984F-D1F72D550366}"
EndProject
Project("{FAE04EC0-301F-11D3-BF4B-00C04F79EFBC}") = "AuthApiWebAppMinimal", "AuthApiWebAppMinimal\AuthApiWebAppMinimal.csproj", "{C6CB5F24-F48A-42CE-B3A9-7DAFA33D1928}"
EndProject
Global
	GlobalSection(SolutionConfigurationPlatforms) = preSolution
		Debug|Any CPU = Debug|Any CPU
		Release|Any CPU = Release|Any CPU
	EndGlobalSection
	GlobalSection(ProjectConfigurationPlatforms) = postSolution
		{78BF7A85-0F7A-4FB0-B4EB-FF33945936B0}.Debug|Any CPU.ActiveCfg = Debug|Any CPU
		{78BF7A85-0F7A-4FB0-B4EB-FF33945936B0}.Debug|Any CPU.Build.0 = Debug|Any CPU
		{78BF7A85-0F7A-4FB0-B4EB-FF33945936B0}.Debug|Any CPU.Deploy.0 = Debug|Any CPU
		{78BF7A85-0F7A-4FB0-B4EB-FF33945936B0}.Release|Any CPU.ActiveCfg = Release|Any CPU
		{78BF7A85-0F7A-4FB0-B4EB-FF33945936B0}.Release|Any CPU.Build.0 = Release|Any CPU
		{78BF7A85-0F7A-4FB0-B4EB-FF33945936B0}.Release|Any CPU.Deploy.0 = Release|Any CPU
		{853C4645-40D4-4330-B775-A8F759E76146}.Debug|Any CPU.ActiveCfg = Debug|Any CPU
		{853C4645-40D4-4330-B775-A8F759E76146}.Debug|Any CPU.Build.0 = Debug|Any CPU
		{853C4645-40D4-4330-B775-A8F759E76146}.Release|Any CPU.ActiveCfg = Release|Any CPU
		{853C4645-40D4-4330-B775-A8F759E76146}.Release|Any CPU.Build.0 = Release|Any CPU
		{D54480A8-DD2B-4EFE-984F-D1F72D550366}.Debug|Any CPU.ActiveCfg = Debug|Any CPU
		{D54480A8-DD2B-4EFE-984F-D1F72D550366}.Debug|Any CPU.Build.0 = Debug|Any CPU
		{D54480A8-DD2B-4EFE-984F-D1F72D550366}.Release|Any CPU.ActiveCfg = Release|Any CPU
		{D54480A8-DD2B-4EFE-984F-D1F72D550366}.Release|Any CPU.Build.0 = Release|Any CPU
		{C6CB5F24-F48A-42CE-B3A9-7DAFA33D1928}.Debug|Any CPU.ActiveCfg = Debug|Any CPU
		{C6CB5F24-F48A-42CE-B3A9-7DAFA33D1928}.Debug|Any CPU.Build.0 = Debug|Any CPU
		{C6CB5F24-F48A-42CE-B3A9-7DAFA33D1928}.Release|Any CPU.ActiveCfg = Release|Any CPU
		{C6CB5F24-F48A-42CE-B3A9-7DAFA33D1928}.Release|Any CPU.Build.0 = Release|Any CPU
	EndGlobalSection
	GlobalSection(SolutionProperties) = preSolution
		HideSolutionNode = FALSE
	EndGlobalSection
	GlobalSection(ExtensibilityGlobals) = postSolution
		SolutionGuid = {0A91381F-53EC-418F-8818-7045394BE80A}
	EndGlobalSection
EndGlobal
